
Microsoft Visual Studio Solution File, Format Version 10.00
# Visual Studio 2008
Project("{8BC9CEB8-8B4A-11D0-8D11-00A0C91BC942}") = "01_d3d", "01_d3d\01_d3d.vcproj", "{D71BC35F-4551-46DA-9E7F-46C48A665DC2}"
EndProject
Project("{8BC9CEB8-8B4A-11D0-8D11-00A0C91BC942}") = "2-2", "2-2\2-2.vcproj", "{61B045A1-0377-44B5-984E-8FEC75CF052A}"
EndProject
Project("{8BC9CEB8-8B4A-11D0-8D11-00A0C91BC942}") = "2-3", "2-3\2-3.vcproj", "{B79807B3-8CE3-45E6-AED3-A4C1492EF7AD}"
EndProject
Project("{8BC9CEB8-8B4A-11D0-8D11-00A0C91BC942}") = "2-4", "2-4\2-4.vcproj", "{8FD87305-B89F-4FD8-9B8C-FE4EA6A23995}"
EndProject
Project("{8BC9CEB8-8B4A-11D0-8D11-00A0C91BC942}") = "2-5", "2-5\2-5.vcproj", "{F6B51D39-B6E2-42EA-AC33-546403B260B7}"
EndProject
Project("{8BC9CEB8-8B4A-11D0-8D11-00A0C91BC942}") = "2-6", "2-6\2-6.vcproj", "{5122ACA6-B9F4-49AB-BB5D-9BC37DF1B45C}"
EndProject
Project("{8BC9CEB8-8B4A-11D0-8D11-00A0C91BC942}") = "2-7", "2-7\2-7.vcproj", "{CC8065A4-4E02-48AF-9833-33CA0CB50DFF}"
EndProject
Global
	GlobalSection(SolutionConfigurationPlatforms) = preSolution
		Debug|Win32 = Debug|Win32
		Release|Win32 = Release|Win32
	EndGlobalSection
	GlobalSection(ProjectConfigurationPlatforms) = postSolution
		{D71BC35F-4551-46DA-9E7F-46C48A665DC2}.Debug|Win32.ActiveCfg = Debug|Win32
		{D71BC35F-4551-46DA-9E7F-46C48A665DC2}.Debug|Win32.Build.0 = Debug|Win32
		{D71BC35F-4551-46DA-9E7F-46C48A665DC2}.Release|Win32.ActiveCfg = Release|Win32
		{D71BC35F-4551-46DA-9E7F-46C48A665DC2}.Release|Win32.Build.0 = Release|Win32
		{61B045A1-0377-44B5-984E-8FEC75CF052A}.Debug|Win32.ActiveCfg = Debug|Win32
		{61B045A1-0377-44B5-984E-8FEC75CF052A}.Debug|Win32.Build.0 = Debug|Win32
		{61B045A1-0377-44B5-984E-8FEC75CF052A}.Release|Win32.ActiveCfg = Release|Win32
		{61B045A1-0377-44B5-984E-8FEC75CF052A}.Release|Win32.Build.0 = Release|Win32
		{B79807B3-8CE3-45E6-AED3-A4C1492EF7AD}.Debug|Win32.ActiveCfg = Debug|Win32
		{B79807B3-8CE3-45E6-AED3-A4C1492EF7AD}.Debug|Win32.Build.0 = Debug|Win32
		{B79807B3-8CE3-45E6-AED3-A4C1492EF7AD}.Release|Win32.ActiveCfg = Release|Win32
		{B79807B3-8CE3-45E6-AED3-A4C1492EF7AD}.Release|Win32.Build.0 = Release|Win32
		{8FD87305-B89F-4FD8-9B8C-FE4EA6A23995}.Debug|Win32.ActiveCfg = Debug|Win32
		{8FD87305-B89F-4FD8-9B8C-FE4EA6A23995}.Debug|Win32.Build.0 = Debug|Win32
		{8FD87305-B89F-4FD8-9B8C-FE4EA6A23995}.Release|Win32.ActiveCfg = Release|Win32
		{8FD87305-B89F-4FD8-9B8C-FE4EA6A23995}.Release|Win32.Build.0 = Release|Win32
		{F6B51D39-B6E2-42EA-AC33-546403B260B7}.Debug|Win32.ActiveCfg = Debug|Win32
		{F6B51D39-B6E2-42EA-AC33-546403B260B7}.Debug|Win32.Build.0 = Debug|Win32
		{F6B51D39-B6E2-42EA-AC33-546403B260B7}.Release|Win32.ActiveCfg = Release|Win32
		{F6B51D39-B6E2-42EA-AC33-546403B260B7}.Release|Win32.Build.0 = Release|Win32
		{5122ACA6-B9F4-49AB-BB5D-9BC37DF1B45C}.Debug|Win32.ActiveCfg = Debug|Win32
		{5122ACA6-B9F4-49AB-BB5D-9BC37DF1B45C}.Debug|Win32.Build.0 = Debug|Win32
		{5122ACA6-B9F4-49AB-BB5D-9BC37DF1B45C}.Release|Win32.ActiveCfg = Release|Win32
		{5122ACA6-B9F4-49AB-BB5D-9BC37DF1B45C}.Release|Win32.Build.0 = Release|Win32
		{CC8065A4-4E02-48AF-9833-33CA0CB50DFF}.Debug|Win32.ActiveCfg = Debug|Win32
		{CC8065A4-4E02-48AF-9833-33CA0CB50DFF}.Debug|Win32.Build.0 = Debug|Win32
		{CC8065A4-4E02-48AF-9833-33CA0CB50DFF}.Release|Win32.ActiveCfg = Release|Win32
		{CC8065A4-4E02-48AF-9833-33CA0CB50DFF}.Release|Win32.Build.0 = Release|Win32
	EndGlobalSection
	GlobalSection(SolutionProperties) = preSolution
		HideSolutionNode = FALSE
	EndGlobalSection
EndGlobal
